
Microsoft Visual Studio Solution File, Format Version 12.00
# Visual Studio Version 17
VisualStudioVersion = 17.14.36603.0 d17.14
MinimumVisualStudioVersion = 10.0.40219.1
Project("{FAE04EC0-301F-11D3-BF4B-00C04F79EFBC}") = "DBFirst", "DBFirst\DBFirst.csproj", "{3E82073C-8BA6-40A5-B5ED-CC09786EA3B2}"
EndProject
Global
	GlobalSection(SolutionConfigurationPlatforms) = preSolution
		Debug|Any CPU = Debug|Any CPU
		Release|Any CPU = Release|Any CPU
	EndGlobalSection
	GlobalSection(ProjectConfigurationPlatforms) = postSolution
		{3E82073C-8BA6-40A5-B5ED-CC09786EA3B2}.Debug|Any CPU.ActiveCfg = Debug|Any CPU
		{3E82073C-8BA6-40A5-B5ED-CC09786EA3B2}.Debug|Any CPU.Build.0 = Debug|Any CPU
		{3E82073C-8BA6-40A5-B5ED-CC09786EA3B2}.Release|Any CPU.ActiveCfg = Release|Any CPU
		{3E82073C-8BA6-40A5-B5ED-CC09786EA3B2}.Release|Any CPU.Build.0 = Release|Any CPU
	EndGlobalSection
	GlobalSection(SolutionProperties) = preSolution
		HideSolutionNode = FALSE
	EndGlobalSection
	GlobalSection(ExtensibilityGlobals) = postSolution
		SolutionGuid = {BBD92EE9-7116-44D4-B1B7-E57B3FA8F661}
	EndGlobalSection
EndGlobal
