
Microsoft Visual Studio Solution File, Format Version 12.00
# Visual Studio Version 17
VisualStudioVersion = 17.2.32519.379
MinimumVisualStudioVersion = 10.0.40219.1
Project("{FAE04EC0-301F-11D3-BF4B-00C04F79EFBC}") = "HW8", "HW8.csproj", "{DA5D12B5-51AC-468D-B82F-EFEF2D9AB827}"
EndProject
Global
	GlobalSection(SolutionConfigurationPlatforms) = preSolution
		Debug|Any CPU = Debug|Any CPU
		Release|Any CPU = Release|Any CPU
	EndGlobalSection
	GlobalSection(ProjectConfigurationPlatforms) = postSolution
		{DA5D12B5-51AC-468D-B82F-EFEF2D9AB827}.Debug|Any CPU.ActiveCfg = Debug|Any CPU
		{DA5D12B5-51AC-468D-B82F-EFEF2D9AB827}.Debug|Any CPU.Build.0 = Debug|Any CPU
		{DA5D12B5-51AC-468D-B82F-EFEF2D9AB827}.Release|Any CPU.ActiveCfg = Release|Any CPU
		{DA5D12B5-51AC-468D-B82F-EFEF2D9AB827}.Release|Any CPU.Build.0 = Release|Any CPU
	EndGlobalSection
	GlobalSection(SolutionProperties) = preSolution
		HideSolutionNode = FALSE
	EndGlobalSection
	GlobalSection(ExtensibilityGlobals) = postSolution
		SolutionGuid = {3611030A-3D89-42A0-B356-1E8FF950EEA8}
	EndGlobalSection
EndGlobal
