
Microsoft Visual Studio Solution File, Format Version 12.00
# Visual Studio Version 17
VisualStudioVersion = 17.14.36603.0 d17.14
MinimumVisualStudioVersion = 10.0.40219.1
Project("{FAE04EC0-301F-11D3-BF4B-00C04F79EFBC}") = "HW7", "HW7\HW7.csproj", "{21C17525-A9E1-48EC-A95D-5B978C9D900B}"
EndProject
Global
	GlobalSection(SolutionConfigurationPlatforms) = preSolution
		Debug|Any CPU = Debug|Any CPU
		Release|Any CPU = Release|Any CPU
	EndGlobalSection
	GlobalSection(ProjectConfigurationPlatforms) = postSolution
		{21C17525-A9E1-48EC-A95D-5B978C9D900B}.Debug|Any CPU.ActiveCfg = Debug|Any CPU
		{21C17525-A9E1-48EC-A95D-5B978C9D900B}.Debug|Any CPU.Build.0 = Debug|Any CPU
		{21C17525-A9E1-48EC-A95D-5B978C9D900B}.Release|Any CPU.ActiveCfg = Release|Any CPU
		{21C17525-A9E1-48EC-A95D-5B978C9D900B}.Release|Any CPU.Build.0 = Release|Any CPU
	EndGlobalSection
	GlobalSection(SolutionProperties) = preSolution
		HideSolutionNode = FALSE
	EndGlobalSection
	GlobalSection(ExtensibilityGlobals) = postSolution
		SolutionGuid = {A5BE1B12-E3A0-4B38-9D86-4DB91F1530C0}
	EndGlobalSection
EndGlobal
